{
    "name": "barry-twitch",
    "version": "1.1.0",
    "lockfileVersion": 3,
    "requires": true,
    "packages": {
        "": {
            "name": "barry-twitch",
            "version": "1.1.0",
            "license": "ISC",
            "dependencies": {
                "ws": "^8.18.3"
            },
            "devDependencies": {
                "prettier": "^3.6.2"
            }
        },
        "node_modules/prettier": {
            "version": "3.6.2",
            "resolved": "https://registry.npmjs.org/prettier/-/prettier-3.6.2.tgz",
            "integrity": "sha512-I7AIg5boAr5R0FFtJ6rCfD+LFsWHp81dolrFD8S79U9tb8Az2nGrJncnMSnys+bpQJfRUzqs9hnA81OAA3hCuQ==",
            "dev": true,
            "license": "MIT",
            "bin": {
                "prettier": "bin/prettier.cjs"
            },
            "engines": {
                "node": ">=14"
            },
            "funding": {
                "url": "https://github.com/prettier/prettier?sponsor=1"
            }
        },
        "node_modules/ws": {
            "version": "8.18.3",
            "resolved": "https://registry.npmjs.org/ws/-/ws-8.18.3.tgz",
            "integrity": "sha512-PEIGCY5tSlUt50cqyMXfCzX+oOPqN0vuGqWzbcJ2xvnkzkq46oOpz7dQaTDBdfICb4N14+GARUDw2XV2N4tvzg==",
            "license": "MIT",
            "engines": {
                "node": ">=10.0.0"
            },
            "peerDependencies": {
                "bufferutil": "^4.0.1",
                "utf-8-validate": ">=5.0.2"
            },
            "peerDependenciesMeta": {
                "bufferutil": {
                    "optional": true
                },
                "utf-8-validate": {
                    "optional": true
                }
            }
        }
    }
}
